
Microsoft Visual Studio Solution File, Format Version 12.00
# Visual Studio Version 16
VisualStudioVersion = 16.0.32602.291
MinimumVisualStudioVersion = 10.0.40219.1
Project("{FAE04EC0-301F-11D3-BF4B-00C04F79EFBC}") = "dummyproject", "dummyproject.csproj", "{91A6528F-FBF8-42F8-AE02-ADE275453000}"
EndProject
Global
	GlobalSection(SolutionConfigurationPlatforms) = preSolution
		Debug|Any CPU = Debug|Any CPU
		Release|Any CPU = Release|Any CPU
	EndGlobalSection
	GlobalSection(ProjectConfigurationPlatforms) = postSolution
		{91A6528F-FBF8-42F8-AE02-ADE275453000}.Debug|Any CPU.ActiveCfg = Debug|Any CPU
		{91A6528F-FBF8-42F8-AE02-ADE275453000}.Debug|Any CPU.Build.0 = Debug|Any CPU
		{91A6528F-FBF8-42F8-AE02-ADE275453000}.Release|Any CPU.ActiveCfg = Release|Any CPU
		{91A6528F-FBF8-42F8-AE02-ADE275453000}.Release|Any CPU.Build.0 = Release|Any CPU
	EndGlobalSection
	GlobalSection(SolutionProperties) = preSolution
		HideSolutionNode = FALSE
	EndGlobalSection
	GlobalSection(ExtensibilityGlobals) = postSolution
		SolutionGuid = {B8A25F3D-3A43-4957-926B-A6AC4134F152}
	EndGlobalSection
EndGlobal
